{
  "name": "@5queezer/tanstack-ai-subagents",
  "version": "0.1.0",
  "lockfileVersion": 3,
  "requires": true,
  "packages": {
    "": {
      "name": "@5queezer/tanstack-ai-subagents",
      "version": "0.1.0",
      "license": "MIT",
      "dependencies": {
        "p-limit": "^5.0.0"
      },
      "devDependencies": {
        "@tanstack/ai": "^0.14.0",
        "typescript": "^6.0.3",
        "zod": "^4.4.1"
      },
      "engines": {
        "node": ">=18"
      },
      "peerDependencies": {
        "@tanstack/ai": "^0.14.0",
        "zod": "^4.0.0"
      }
    },
    "node_modules/@ag-ui/core": {
      "version": "0.0.49",
      "resolved": "https://registry.npmjs.org/@ag-ui/core/-/core-0.0.49.tgz",
      "integrity": "sha512-9ywypwjUGtIvTxJ2eKQjhPZgLnSFAfNK7vZUcT7Bz4ur4yAIB+lAFtzvu7VDYe6jsUx/6N/71Dh4R0zX5woNVw==",
      "dev": true,
      "dependencies": {
        "zod": "^3.22.4"
      }
    },
    "node_modules/@ag-ui/core/node_modules/zod": {
      "version": "3.25.76",
      "resolved": "https://registry.npmjs.org/zod/-/zod-3.25.76.tgz",
      "integrity": "sha512-gzUt/qt81nXsFGKIFcC3YnfEAx5NkunCfnDlvuBSSFS02bcXu4Lmea0AFIUwbLWxWPx3d9p8S5QoaujKcNQxcQ==",
      "dev": true,
      "license": "MIT",
      "funding": {
        "url": "https://github.com/sponsors/colinhacks"
      }
    },
    "node_modules/@tanstack/ai": {
      "version": "0.14.0",
      "resolved": "https://registry.npmjs.org/@tanstack/ai/-/ai-0.14.0.tgz",
      "integrity": "sha512-oiyYHcWMmyVoKDf018xZMEX62BaJVhdgeeRQeRbqP3p5Nvar2UZUhKzFkUiE4L9KzklPqrtI5aYhVdAp9Z142g==",
      "dev": true,
      "license": "MIT",
      "dependencies": {
        "@ag-ui/core": "0.0.49",
        "@tanstack/ai-event-client": "0.2.8",
        "partial-json": "^0.1.7"
      },
      "engines": {
        "node": ">=18"
      }
    },
    "node_modules/@tanstack/ai-event-client": {
      "version": "0.2.8",
      "resolved": "https://registry.npmjs.org/@tanstack/ai-event-client/-/ai-event-client-0.2.8.tgz",
      "integrity": "sha512-pdvT1hh7UorwBiDLrXnI5BFDfc7JSqnN06LaQHG4TGRl/621UnUrh16hQKOMn/msArKiCj+n+TG+cw4mDwMaLw==",
      "dev": true,
      "license": "MIT",
      "dependencies": {
        "@tanstack/devtools-event-client": "^0.4.1"
      },
      "peerDependencies": {
        "@tanstack/ai": "0.14.0"
      }
    },
    "node_modules/@tanstack/devtools-event-client": {
      "version": "0.4.3",
      "resolved": "https://registry.npmjs.org/@tanstack/devtools-event-client/-/devtools-event-client-0.4.3.tgz",
      "integrity": "sha512-OZI6QyULw0FI0wjgmeYzCIfbgPsOEzwJtCpa69XrfLMtNXLGnz3d/dIabk7frg0TmHo+Ah49w5I4KC7Tufwsvw==",
      "dev": true,
      "license": "MIT",
      "bin": {
        "intent": "bin/intent.js"
      },
      "engines": {
        "node": ">=18"
      },
      "funding": {
        "type": "github",
        "url": "https://github.com/sponsors/tannerlinsley"
      }
    },
    "node_modules/p-limit": {
      "version": "5.0.0",
      "resolved": "https://registry.npmjs.org/p-limit/-/p-limit-5.0.0.tgz",
      "integrity": "sha512-/Eaoq+QyLSiXQ4lyYV23f14mZRQcXnxfHrN0vCai+ak9G0pp9iEQukIIZq5NccEvwRB8PUnZT0KsOoDCINS1qQ==",
      "license": "MIT",
      "dependencies": {
        "yocto-queue": "^1.0.0"
      },
      "engines": {
        "node": ">=18"
      },
      "funding": {
        "url": "https://github.com/sponsors/sindresorhus"
      }
    },
    "node_modules/partial-json": {
      "version": "0.1.7",
      "resolved": "https://registry.npmjs.org/partial-json/-/partial-json-0.1.7.tgz",
      "integrity": "sha512-Njv/59hHaokb/hRUjce3Hdv12wd60MtM9Z5Olmn+nehe0QDAsRtRbJPvJ0Z91TusF0SuZRIvnM+S4l6EIP8leA==",
      "dev": true,
      "license": "MIT"
    },
    "node_modules/typescript": {
      "version": "6.0.3",
      "resolved": "https://registry.npmjs.org/typescript/-/typescript-6.0.3.tgz",
      "integrity": "sha512-y2TvuxSZPDyQakkFRPZHKFm+KKVqIisdg9/CZwm9ftvKXLP8NRWj38/ODjNbr43SsoXqNuAisEf1GdCxqWcdBw==",
      "dev": true,
      "license": "Apache-2.0",
      "bin": {
        "tsc": "bin/tsc",
        "tsserver": "bin/tsserver"
      },
      "engines": {
        "node": ">=14.17"
      }
    },
    "node_modules/yocto-queue": {
      "version": "1.2.2",
      "resolved": "https://registry.npmjs.org/yocto-queue/-/yocto-queue-1.2.2.tgz",
      "integrity": "sha512-4LCcse/U2MHZ63HAJVE+v71o7yOdIe4cZ70Wpf8D/IyjDKYQLV5GD46B+hSTjJsvV5PztjvHoU580EftxjDZFQ==",
      "license": "MIT",
      "engines": {
        "node": ">=12.20"
      },
      "funding": {
        "url": "https://github.com/sponsors/sindresorhus"
      }
    },
    "node_modules/zod": {
      "version": "4.4.2",
      "resolved": "https://registry.npmjs.org/zod/-/zod-4.4.2.tgz",
      "integrity": "sha512-IynmDyxsEsb9RKzO3J9+4SxXnl2FTFSzNBaKKaMV6tsSk0rw9gYw9gs+JFCq/qk2LCZ78KDwyj+Z289TijSkUw==",
      "dev": true,
      "license": "MIT",
      "funding": {
        "url": "https://github.com/sponsors/colinhacks"
      }
    }
  }
}
